
Microsoft Visual Studio Solution File, Format Version 12.00
# Visual Studio 15
VisualStudioVersion = 15.0.28307.1062
MinimumVisualStudioVersion = 10.0.40219.1
Project("{FAE04EC0-301F-11D3-BF4B-00C04F79EFBC}") = "TrabED08-12", "TrabED08-12\TrabED08-12.csproj", "{CBB96DE6-F7F7-4521-874B-FEFB6A354856}"
EndProject
Global
	GlobalSection(SolutionConfigurationPlatforms) = preSolution
		Debug|Any CPU = Debug|Any CPU
		Release|Any CPU = Release|Any CPU
	EndGlobalSection
	GlobalSection(ProjectConfigurationPlatforms) = postSolution
		{CBB96DE6-F7F7-4521-874B-FEFB6A354856}.Debug|Any CPU.ActiveCfg = Debug|Any CPU
		{CBB96DE6-F7F7-4521-874B-FEFB6A354856}.Debug|Any CPU.Build.0 = Debug|Any CPU
		{CBB96DE6-F7F7-4521-874B-FEFB6A354856}.Release|Any CPU.ActiveCfg = Release|Any CPU
		{CBB96DE6-F7F7-4521-874B-FEFB6A354856}.Release|Any CPU.Build.0 = Release|Any CPU
	EndGlobalSection
	GlobalSection(SolutionProperties) = preSolution
		HideSolutionNode = FALSE
	EndGlobalSection
	GlobalSection(ExtensibilityGlobals) = postSolution
		SolutionGuid = {6A3E2A36-A252-466D-AF35-52F86E4228ED}
	EndGlobalSection
EndGlobal
